
Microsoft Visual Studio Solution File, Format Version 12.00
# Visual Studio Version 17
VisualStudioVersion = 17.11.35327.3
MinimumVisualStudioVersion = 10.0.40219.1
Project("{9A19103F-16F7-4668-BE54-9A1E7A4F7556}") = "ConceptCinema", "ConceptCinema\ConceptCinema.csproj", "{ACDA2DB2-EC61-4582-B126-360D05034662}"
EndProject
Project("{9A19103F-16F7-4668-BE54-9A1E7A4F7556}") = "DataAccess", "DataAccess\DataAccess.csproj", "{F66E3500-AB9E-4FFE-A3D5-AB5D96B5A795}"
EndProject
Project("{9A19103F-16F7-4668-BE54-9A1E7A4F7556}") = "Models", "Models\Models.csproj", "{0B7F595C-4DEB-4E1B-9480-348832697929}"
EndProject
Project("{FAE04EC0-301F-11D3-BF4B-00C04F79EFBC}") = "Constants", "Constants\Constants.csproj", "{C555F3CA-F79E-4E17-BB39-6EF0F6A1A854}"
EndProject
Global
	GlobalSection(SolutionConfigurationPlatforms) = preSolution
		Debug|Any CPU = Debug|Any CPU
		Release|Any CPU = Release|Any CPU
	EndGlobalSection
	GlobalSection(ProjectConfigurationPlatforms) = postSolution
		{ACDA2DB2-EC61-4582-B126-360D05034662}.Debug|Any CPU.ActiveCfg = Debug|Any CPU
		{ACDA2DB2-EC61-4582-B126-360D05034662}.Debug|Any CPU.Build.0 = Debug|Any CPU
		{ACDA2DB2-EC61-4582-B126-360D05034662}.Release|Any CPU.ActiveCfg = Release|Any CPU
		{ACDA2DB2-EC61-4582-B126-360D05034662}.Release|Any CPU.Build.0 = Release|Any CPU
		{F66E3500-AB9E-4FFE-A3D5-AB5D96B5A795}.Debug|Any CPU.ActiveCfg = Debug|Any CPU
		{F66E3500-AB9E-4FFE-A3D5-AB5D96B5A795}.Debug|Any CPU.Build.0 = Debug|Any CPU
		{F66E3500-AB9E-4FFE-A3D5-AB5D96B5A795}.Release|Any CPU.ActiveCfg = Release|Any CPU
		{F66E3500-AB9E-4FFE-A3D5-AB5D96B5A795}.Release|Any CPU.Build.0 = Release|Any CPU
		{0B7F595C-4DEB-4E1B-9480-348832697929}.Debug|Any CPU.ActiveCfg = Debug|Any CPU
		{0B7F595C-4DEB-4E1B-9480-348832697929}.Debug|Any CPU.Build.0 = Debug|Any CPU
		{0B7F595C-4DEB-4E1B-9480-348832697929}.Release|Any CPU.ActiveCfg = Release|Any CPU
		{0B7F595C-4DEB-4E1B-9480-348832697929}.Release|Any CPU.Build.0 = Release|Any CPU
		{C555F3CA-F79E-4E17-BB39-6EF0F6A1A854}.Debug|Any CPU.ActiveCfg = Debug|Any CPU
		{C555F3CA-F79E-4E17-BB39-6EF0F6A1A854}.Debug|Any CPU.Build.0 = Debug|Any CPU
		{C555F3CA-F79E-4E17-BB39-6EF0F6A1A854}.Release|Any CPU.ActiveCfg = Release|Any CPU
		{C555F3CA-F79E-4E17-BB39-6EF0F6A1A854}.Release|Any CPU.Build.0 = Release|Any CPU
	EndGlobalSection
	GlobalSection(SolutionProperties) = preSolution
		HideSolutionNode = FALSE
	EndGlobalSection
	GlobalSection(ExtensibilityGlobals) = postSolution
		SolutionGuid = {5224FB54-2A0E-4B01-A474-B7A2BE742CC4}
	EndGlobalSection
EndGlobal
